
Microsoft Visual Studio Solution File, Format Version 12.00
# Visual Studio Version 16
VisualStudioVersion = 16.0.31313.79
MinimumVisualStudioVersion = 10.0.40219.1
Project("{FAE04EC0-301F-11D3-BF4B-00C04F79EFBC}") = "Oscilloscope", "Oscilloscope\Oscilloscope.csproj", "{72303879-D27D-48AF-9370-BE062A336E1E}"
EndProject
Global
	GlobalSection(SolutionConfigurationPlatforms) = preSolution
		Debug|Any CPU = Debug|Any CPU
		Release|Any CPU = Release|Any CPU
	EndGlobalSection
	GlobalSection(ProjectConfigurationPlatforms) = postSolution
		{72303879-D27D-48AF-9370-BE062A336E1E}.Debug|Any CPU.ActiveCfg = Debug|Any CPU
		{72303879-D27D-48AF-9370-BE062A336E1E}.Debug|Any CPU.Build.0 = Debug|Any CPU
		{72303879-D27D-48AF-9370-BE062A336E1E}.Release|Any CPU.ActiveCfg = Release|Any CPU
		{72303879-D27D-48AF-9370-BE062A336E1E}.Release|Any CPU.Build.0 = Release|Any CPU
	EndGlobalSection
	GlobalSection(SolutionProperties) = preSolution
		HideSolutionNode = FALSE
	EndGlobalSection
	GlobalSection(ExtensibilityGlobals) = postSolution
		SolutionGuid = {E7F1FD11-3D33-4A8A-9F7D-61992005AB97}
	EndGlobalSection
EndGlobal
